
Microsoft Visual Studio Solution File, Format Version 11.00
# Visual Studio 2010
Project("{FAE04EC0-301F-11D3-BF4B-00C04F79EFBC}") = "FirstPersonAttack", "Assembly-CSharp-firstpass.csproj", "{06B5B4F7-95A6-CDF7-7769-C719A1BAF65C}"
EndProject
Project("{FAE04EC0-301F-11D3-BF4B-00C04F79EFBC}") = "FirstPersonAttack", "Assembly-CSharp.csproj", "{BA9A89FC-ACF8-77FE-B128-07FF7ADFE9E9}"
EndProject
Project("{FAE04EC0-301F-11D3-BF4B-00C04F79EFBC}") = "FirstPersonAttack", "Assembly-CSharp-Editor.csproj", "{DD55015B-529A-D917-3FCF-A6CE5118A4FB}"
EndProject
Global
	GlobalSection(SolutionConfigurationPlatforms) = preSolution
		Debug|Any CPU = Debug|Any CPU
		Release|Any CPU = Release|Any CPU
	EndGlobalSection
	GlobalSection(ProjectConfigurationPlatforms) = postSolution
		{06B5B4F7-95A6-CDF7-7769-C719A1BAF65C}.Debug|Any CPU.ActiveCfg = Debug|Any CPU
		{06B5B4F7-95A6-CDF7-7769-C719A1BAF65C}.Debug|Any CPU.Build.0 = Debug|Any CPU
		{06B5B4F7-95A6-CDF7-7769-C719A1BAF65C}.Release|Any CPU.ActiveCfg = Release|Any CPU
		{06B5B4F7-95A6-CDF7-7769-C719A1BAF65C}.Release|Any CPU.Build.0 = Release|Any CPU
		{BA9A89FC-ACF8-77FE-B128-07FF7ADFE9E9}.Debug|Any CPU.ActiveCfg = Debug|Any CPU
		{BA9A89FC-ACF8-77FE-B128-07FF7ADFE9E9}.Debug|Any CPU.Build.0 = Debug|Any CPU
		{BA9A89FC-ACF8-77FE-B128-07FF7ADFE9E9}.Release|Any CPU.ActiveCfg = Release|Any CPU
		{BA9A89FC-ACF8-77FE-B128-07FF7ADFE9E9}.Release|Any CPU.Build.0 = Release|Any CPU
		{DD55015B-529A-D917-3FCF-A6CE5118A4FB}.Debug|Any CPU.ActiveCfg = Debug|Any CPU
		{DD55015B-529A-D917-3FCF-A6CE5118A4FB}.Debug|Any CPU.Build.0 = Debug|Any CPU
		{DD55015B-529A-D917-3FCF-A6CE5118A4FB}.Release|Any CPU.ActiveCfg = Release|Any CPU
		{DD55015B-529A-D917-3FCF-A6CE5118A4FB}.Release|Any CPU.Build.0 = Release|Any CPU
	EndGlobalSection
	GlobalSection(SolutionProperties) = preSolution
		HideSolutionNode = FALSE
	EndGlobalSection
	GlobalSection(MonoDevelopProperties) = preSolution
		StartupItem = Assembly-CSharp.csproj
	EndGlobalSection
EndGlobal
